// !$*UTF8*$!
{
	archiveVersion = 1;
	classes = {
	};
	objectVersion = 55;
	objects = {

/* Begin PBXBuildFile section */
		4A2379F829A084CD003209D9 /* AppDelegate.swift in Sources */ = {isa = PBXBuildFile; fileRef = 4A2379F729A084CD003209D9 /* AppDelegate.swift */; };
		4A2379FA29A084CD003209D9 /* SceneDelegate.swift in Sources */ = {isa = PBXBuildFile; fileRef = 4A2379F929A084CD003209D9 /* SceneDelegate.swift */; };
		4A237A0129A084CE003209D9 /* Assets.xcassets in Resources */ = {isa = PBXBuildFile; fileRef = 4A237A0029A084CE003209D9 /* Assets.xcassets */; };
		4A237A0C29A08736003209D9 /* TabBarViewController.swift in Sources */ = {isa = PBXBuildFile; fileRef = 4A237A0B29A08736003209D9 /* TabBarViewController.swift */; };
		4A237A0E29A08753003209D9 /* ViewController.swift in Sources */ = {isa = PBXBuildFile; fileRef = 4A237A0D29A08753003209D9 /* ViewController.swift */; };
		4A237A1029A08791003209D9 /* SearchViewController.swift in Sources */ = {isa = PBXBuildFile; fileRef = 4A237A0F29A08791003209D9 /* SearchViewController.swift */; };
		4A237A1729A08AE0003209D9 /* UIImageView+Extentions.swift in Sources */ = {isa = PBXBuildFile; fileRef = 4A237A1629A08AE0003209D9 /* UIImageView+Extentions.swift */; };
		4A237A1929A08B65003209D9 /* Movie.swift in Sources */ = {isa = PBXBuildFile; fileRef = 4A237A1829A08B65003209D9 /* Movie.swift */; };
		4A237A1B29A08B90003209D9 /* Videos.swift in Sources */ = {isa = PBXBuildFile; fileRef = 4A237A1A29A08B90003209D9 /* Videos.swift */; };
		4A237A1D29A08BE0003209D9 /* NetworkManager.swift in Sources */ = {isa = PBXBuildFile; fileRef = 4A237A1C29A08BE0003209D9 /* NetworkManager.swift */; };
		58864128D6B85B055B67C4EA /* Pods_MovieDB_RxSwift_MVVM.framework in Frameworks */ = {isa = PBXBuildFile; fileRef = 8777A85410356B004717BCF7 /* Pods_MovieDB_RxSwift_MVVM.framework */; };
/* End PBXBuildFile section */

/* Begin PBXFileReference section */
		4A2379F429A084CD003209D9 /* MovieDB-RxSwift-MVVM.app */ = {isa = PBXFileReference; explicitFileType = wrapper.application; includeInIndex = 0; path = "MovieDB-RxSwift-MVVM.app"; sourceTree = BUILT_PRODUCTS_DIR; };
		4A2379F729A084CD003209D9 /* AppDelegate.swift */ = {isa = PBXFileReference; lastKnownFileType = sourcecode.swift; path = AppDelegate.swift; sourceTree = "<group>"; };
		4A2379F929A084CD003209D9 /* SceneDelegate.swift */ = {isa = PBXFileReference; lastKnownFileType = sourcecode.swift; path = SceneDelegate.swift; sourceTree = "<group>"; };
		4A237A0029A084CE003209D9 /* Assets.xcassets */ = {isa = PBXFileReference; lastKnownFileType = folder.assetcatalog; path = Assets.xcassets; sourceTree = "<group>"; };
		4A237A0529A084CE003209D9 /* Info.plist */ = {isa = PBXFileReference; lastKnownFileType = text.plist.xml; path = Info.plist; sourceTree = "<group>"; };
		4A237A0B29A08736003209D9 /* TabBarViewController.swift */ = {isa = PBXFileReference; lastKnownFileType = sourcecode.swift; path = TabBarViewController.swift; sourceTree = "<group>"; };
		4A237A0D29A08753003209D9 /* ViewController.swift */ = {isa = PBXFileReference; lastKnownFileType = sourcecode.swift; path = ViewController.swift; sourceTree = "<group>"; };
		4A237A0F29A08791003209D9 /* SearchViewController.swift */ = {isa = PBXFileReference; lastKnownFileType = sourcecode.swift; path = SearchViewController.swift; sourceTree = "<group>"; };
		4A237A1629A08AE0003209D9 /* UIImageView+Extentions.swift */ = {isa = PBXFileReference; lastKnownFileType = sourcecode.swift; path = "UIImageView+Extentions.swift"; sourceTree = "<group>"; };
		4A237A1829A08B65003209D9 /* Movie.swift */ = {isa = PBXFileReference; lastKnownFileType = sourcecode.swift; path = Movie.swift; sourceTree = "<group>"; };
		4A237A1A29A08B90003209D9 /* Videos.swift */ = {isa = PBXFileReference; lastKnownFileType = sourcecode.swift; path = Videos.swift; sourceTree = "<group>"; };
		4A237A1C29A08BE0003209D9 /* NetworkManager.swift */ = {isa = PBXFileReference; lastKnownFileType = sourcecode.swift; path = NetworkManager.swift; sourceTree = "<group>"; };
		5624579C85C0B1D0160B64D2 /* Pods-MovieDB-RxSwift-MVVM.release.xcconfig */ = {isa = PBXFileReference; includeInIndex = 1; lastKnownFileType = text.xcconfig; name = "Pods-MovieDB-RxSwift-MVVM.release.xcconfig"; path = "Target Support Files/Pods-MovieDB-RxSwift-MVVM/Pods-MovieDB-RxSwift-MVVM.release.xcconfig"; sourceTree = "<group>"; };
		8777A85410356B004717BCF7 /* Pods_MovieDB_RxSwift_MVVM.framework */ = {isa = PBXFileReference; explicitFileType = wrapper.framework; includeInIndex = 0; path = Pods_MovieDB_RxSwift_MVVM.framework; sourceTree = BUILT_PRODUCTS_DIR; };
		D41AD604A50E4E9BDB83F909 /* Pods-MovieDB-RxSwift-MVVM.debug.xcconfig */ = {isa = PBXFileReference; includeInIndex = 1; lastKnownFileType = text.xcconfig; name = "Pods-MovieDB-RxSwift-MVVM.debug.xcconfig"; path = "Target Support Files/Pods-MovieDB-RxSwift-MVVM/Pods-MovieDB-RxSwift-MVVM.debug.xcconfig"; sourceTree = "<group>"; };
/* End PBXFileReference section */

/* Begin PBXFrameworksBuildPhase section */
		4A2379F129A084CD003209D9 /* Frameworks */ = {
			isa = PBXFrameworksBuildPhase;
			buildActionMask = 2147483647;
			files = (
				58864128D6B85B055B67C4EA /* Pods_MovieDB_RxSwift_MVVM.framework in Frameworks */,
			);
			runOnlyForDeploymentPostprocessing = 0;
		};
/* End PBXFrameworksBuildPhase section */

/* Begin PBXGroup section */
		4A2379EB29A084CD003209D9 = {
			isa = PBXGroup;
			children = (
				4A2379F629A084CD003209D9 /* MovieDB-RxSwift-MVVM */,
				4A2379F529A084CD003209D9 /* Products */,
				DD32799AC282E6A98F71582C /* Pods */,
				6C554D9E6193AFCDBD93C3BA /* Frameworks */,
			);
			sourceTree = "<group>";
		};
		4A2379F529A084CD003209D9 /* Products */ = {
			isa = PBXGroup;
			children = (
				4A2379F429A084CD003209D9 /* MovieDB-RxSwift-MVVM.app */,
			);
			name = Products;
			sourceTree = "<group>";
		};
		4A2379F629A084CD003209D9 /* MovieDB-RxSwift-MVVM */ = {
			isa = PBXGroup;
			children = (
				4A237A1529A08873003209D9 /* Network */,
				4A237A1429A08869003209D9 /* Extentions */,
				4A237A1329A0885E003209D9 /* ViewModels */,
				4A237A1229A08857003209D9 /* Views */,
				4A237A1129A08836003209D9 /* Models */,
				4A2379F729A084CD003209D9 /* AppDelegate.swift */,
				4A2379F929A084CD003209D9 /* SceneDelegate.swift */,
				4A237A0029A084CE003209D9 /* Assets.xcassets */,
				4A237A0529A084CE003209D9 /* Info.plist */,
			);
			path = "MovieDB-RxSwift-MVVM";
			sourceTree = "<group>";
		};
		4A237A1129A08836003209D9 /* Models */ = {
			isa = PBXGroup;
			children = (
				4A237A1829A08B65003209D9 /* Movie.swift */,
				4A237A1A29A08B90003209D9 /* Videos.swift */,
			);
			path = Models;
			sourceTree = "<group>";
		};
		4A237A1229A08857003209D9 /* Views */ = {
			isa = PBXGroup;
			children = (
				4A237A0F29A08791003209D9 /* SearchViewController.swift */,
				4A237A0D29A08753003209D9 /* ViewController.swift */,
				4A237A0B29A08736003209D9 /* TabBarViewController.swift */,
			);
			path = Views;
			sourceTree = "<group>";
		};
		4A237A1329A0885E003209D9 /* ViewModels */ = {
			isa = PBXGroup;
			children = (
			);
			path = ViewModels;
			sourceTree = "<group>";
		};
		4A237A1429A08869003209D9 /* Extentions */ = {
			isa = PBXGroup;
			children = (
				4A237A1629A08AE0003209D9 /* UIImageView+Extentions.swift */,
			);
			path = Extentions;
			sourceTree = "<group>";
		};
		4A237A1529A08873003209D9 /* Network */ = {
			isa = PBXGroup;
			children = (
				4A237A1C29A08BE0003209D9 /* NetworkManager.swift */,
			);
			path = Network;
			sourceTree = "<group>";
		};
		6C554D9E6193AFCDBD93C3BA /* Frameworks */ = {
			isa = PBXGroup;
			children = (
				8777A85410356B004717BCF7 /* Pods_MovieDB_RxSwift_MVVM.framework */,
			);
			name = Frameworks;
			sourceTree = "<group>";
		};
		DD32799AC282E6A98F71582C /* Pods */ = {
			isa = PBXGroup;
			children = (
				D41AD604A50E4E9BDB83F909 /* Pods-MovieDB-RxSwift-MVVM.debug.xcconfig */,
				5624579C85C0B1D0160B64D2 /* Pods-MovieDB-RxSwift-MVVM.release.xcconfig */,
			);
			path = Pods;
			sourceTree = "<group>";
		};
/* End PBXGroup section */

/* Begin PBXNativeTarget section */
		4A2379F329A084CD003209D9 /* MovieDB-RxSwift-MVVM */ = {
			isa = PBXNativeTarget;
			buildConfigurationList = 4A237A0829A084CE003209D9 /* Build configuration list for PBXNativeTarget "MovieDB-RxSwift-MVVM" */;
			buildPhases = (
				31EA9794F2AD01A4A17A955C /* [CP] Check Pods Manifest.lock */,
				4A2379F029A084CD003209D9 /* Sources */,
				4A2379F129A084CD003209D9 /* Frameworks */,
				4A2379F229A084CD003209D9 /* Resources */,
				3A08378CE893CAAF8FA76AD6 /* [CP] Embed Pods Frameworks */,
			);
			buildRules = (
			);
			dependencies = (
			);
			name = "MovieDB-RxSwift-MVVM";
			productName = "MovieDB-RxSwift-MVVM";
			productReference = 4A2379F429A084CD003209D9 /* MovieDB-RxSwift-MVVM.app */;
			productType = "com.apple.product-type.application";
		};
/* End PBXNativeTarget section */

/* Begin PBXProject section */
		4A2379EC29A084CD003209D9 /* Project object */ = {
			isa = PBXProject;
			attributes = {
				BuildIndependentTargetsInParallel = 1;
				LastSwiftUpdateCheck = 1420;
				LastUpgradeCheck = 1420;
				TargetAttributes = {
					4A2379F329A084CD003209D9 = {
						CreatedOnToolsVersion = 14.2;
					};
				};
			};
			buildConfigurationList = 4A2379EF29A084CD003209D9 /* Build configuration list for PBXProject "MovieDB-RxSwift-MVVM" */;
			compatibilityVersion = "Xcode 13.0";
			developmentRegion = en;
			hasScannedForEncodings = 0;
			knownRegions = (
				en,
				Base,
			);
			mainGroup = 4A2379EB29A084CD003209D9;
			productRefGroup = 4A2379F529A084CD003209D9 /* Products */;
			projectDirPath = "";
			projectRoot = "";
			targets = (
				4A2379F329A084CD003209D9 /* MovieDB-RxSwift-MVVM */,
			);
		};
/* End PBXProject section */

/* Begin PBXResourcesBuildPhase section */
		4A2379F229A084CD003209D9 /* Resources */ = {
			isa = PBXResourcesBuildPhase;
			buildActionMask = 2147483647;
			files = (
				4A237A0129A084CE003209D9 /* Assets.xcassets in Resources */,
			);
			runOnlyForDeploymentPostprocessing = 0;
		};
/* End PBXResourcesBuildPhase section */

/* Begin PBXShellScriptBuildPhase section */
		31EA9794F2AD01A4A17A955C /* [CP] Check Pods Manifest.lock */ = {
			isa = PBXShellScriptBuildPhase;
			buildActionMask = 2147483647;
			files = (
			);
			inputFileListPaths = (
			);
			inputPaths = (
				"${PODS_PODFILE_DIR_PATH}/Podfile.lock",
				"${PODS_ROOT}/Manifest.lock",
			);
			name = "[CP] Check Pods Manifest.lock";
			outputFileListPaths = (
			);
			outputPaths = (
				"$(DERIVED_FILE_DIR)/Pods-MovieDB-RxSwift-MVVM-checkManifestLockResult.txt",
			);
			runOnlyForDeploymentPostprocessing = 0;
			shellPath = /bin/sh;
			shellScript = "diff \"${PODS_PODFILE_DIR_PATH}/Podfile.lock\" \"${PODS_ROOT}/Manifest.lock\" > /dev/null\nif [ $? != 0 ] ; then\n    # print error to STDERR\n    echo \"error: The sandbox is not in sync with the Podfile.lock. Run 'pod install' or update your CocoaPods installation.\" >&2\n    exit 1\nfi\n# This output is used by Xcode 'outputs' to avoid re-running this script phase.\necho \"SUCCESS\" > \"${SCRIPT_OUTPUT_FILE_0}\"\n";
			showEnvVarsInLog = 0;
		};
		3A08378CE893CAAF8FA76AD6 /* [CP] Embed Pods Frameworks */ = {
			isa = PBXShellScriptBuildPhase;
			buildActionMask = 2147483647;
			files = (
			);
			inputFileListPaths = (
				"${PODS_ROOT}/Target Support Files/Pods-MovieDB-RxSwift-MVVM/Pods-MovieDB-RxSwift-MVVM-frameworks-${CONFIGURATION}-input-files.xcfilelist",
			);
			name = "[CP] Embed Pods Frameworks";
			outputFileListPaths = (
				"${PODS_ROOT}/Target Support Files/Pods-MovieDB-RxSwift-MVVM/Pods-MovieDB-RxSwift-MVVM-frameworks-${CONFIGURATION}-output-files.xcfilelist",
			);
			runOnlyForDeploymentPostprocessing = 0;
			shellPath = /bin/sh;
			shellScript = "\"${PODS_ROOT}/Target Support Files/Pods-MovieDB-RxSwift-MVVM/Pods-MovieDB-RxSwift-MVVM-frameworks.sh\"\n";
			showEnvVarsInLog = 0;
		};
/* End PBXShellScriptBuildPhase section */

/* Begin PBXSourcesBuildPhase section */
		4A2379F029A084CD003209D9 /* Sources */ = {
			isa = PBXSourcesBuildPhase;
			buildActionMask = 2147483647;
			files = (
				4A237A1D29A08BE0003209D9 /* NetworkManager.swift in Sources */,
				4A237A1929A08B65003209D9 /* Movie.swift in Sources */,
				4A237A1B29A08B90003209D9 /* Videos.swift in Sources */,
				4A237A1029A08791003209D9 /* SearchViewController.swift in Sources */,
				4A2379F829A084CD003209D9 /* AppDelegate.swift in Sources */,
				4A237A0C29A08736003209D9 /* TabBarViewController.swift in Sources */,
				4A237A1729A08AE0003209D9 /* UIImageView+Extentions.swift in Sources */,
				4A237A0E29A08753003209D9 /* ViewController.swift in Sources */,
				4A2379FA29A084CD003209D9 /* SceneDelegate.swift in Sources */,
			);
			runOnlyForDeploymentPostprocessing = 0;
		};
/* End PBXSourcesBuildPhase section */

/* Begin XCBuildConfiguration section */
		4A237A0629A084CE003209D9 /* Debug */ = {
			isa = XCBuildConfiguration;
			buildSettings = {
				ALWAYS_SEARCH_USER_PATHS = NO;
				CLANG_ANALYZER_NONNULL = YES;
				CLANG_ANALYZER_NUMBER_OBJECT_CONVERSION = YES_AGGRESSIVE;
				CLANG_CXX_LANGUAGE_STANDARD = "gnu++20";
				CLANG_ENABLE_MODULES = YES;
				CLANG_ENABLE_OBJC_ARC = YES;
				CLANG_ENABLE_OBJC_WEAK = YES;
				CLANG_WARN_BLOCK_CAPTURE_AUTORELEASING = YES;
				CLANG_WARN_BOOL_CONVERSION = YES;
				CLANG_WARN_COMMA = YES;
				CLANG_WARN_CONSTANT_CONVERSION = YES;
				CLANG_WARN_DEPRECATED_OBJC_IMPLEMENTATIONS = YES;
				CLANG_WARN_DIRECT_OBJC_ISA_USAGE = YES_ERROR;
				CLANG_WARN_DOCUMENTATION_COMMENTS = YES;
				CLANG_WARN_EMPTY_BODY = YES;
				CLANG_WARN_ENUM_CONVERSION = YES;
				CLANG_WARN_INFINITE_RECURSION = YES;
				CLANG_WARN_INT_CONVERSION = YES;
				CLANG_WARN_NON_LITERAL_NULL_CONVERSION = YES;
				CLANG_WARN_OBJC_IMPLICIT_RETAIN_SELF = YES;
				CLANG_WARN_OBJC_LITERAL_CONVERSION = YES;
				CLANG_WARN_OBJC_ROOT_CLASS = YES_ERROR;
				CLANG_WARN_QUOTED_INCLUDE_IN_FRAMEWORK_HEADER = YES;
				CLANG_WARN_RANGE_LOOP_ANALYSIS = YES;
				CLANG_WARN_STRICT_PROTOTYPES = YES;
				CLANG_WARN_SUSPICIOUS_MOVE = YES;
				CLANG_WARN_UNGUARDED_AVAILABILITY = YES_AGGRESSIVE;
				CLANG_WARN_UNREACHABLE_CODE = YES;
				CLANG_WARN__DUPLICATE_METHOD_MATCH = YES;
				COPY_PHASE_STRIP = NO;
				DEBUG_INFORMATION_FORMAT = dwarf;
				ENABLE_STRICT_OBJC_MSGSEND = YES;
				ENABLE_TESTABILITY = YES;
				GCC_C_LANGUAGE_STANDARD = gnu11;
				GCC_DYNAMIC_NO_PIC = NO;
				GCC_NO_COMMON_BLOCKS = YES;
				GCC_OPTIMIZATION_LEVEL = 0;
				GCC_PREPROCESSOR_DEFINITIONS = (
					"DEBUG=1",
					"$(inherited)",
				);
				GCC_WARN_64_TO_32_BIT_CONVERSION = YES;
				GCC_WARN_ABOUT_RETURN_TYPE = YES_ERROR;
				GCC_WARN_UNDECLARED_SELECTOR = YES;
				GCC_WARN_UNINITIALIZED_AUTOS = YES_AGGRESSIVE;
				GCC_WARN_UNUSED_FUNCTION = YES;
				GCC_WARN_UNUSED_VARIABLE = YES;
				IPHONEOS_DEPLOYMENT_TARGET = 16.2;
				MTL_ENABLE_DEBUG_INFO = INCLUDE_SOURCE;
				MTL_FAST_MATH = YES;
				ONLY_ACTIVE_ARCH = YES;
				SDKROOT = iphoneos;
				SWIFT_ACTIVE_COMPILATION_CONDITIONS = DEBUG;
				SWIFT_OPTIMIZATION_LEVEL = "-Onone";
			};
			name = Debug;
		};
		4A237A0729A084CE003209D9 /* Release */ = {
			isa = XCBuildConfiguration;
			buildSettings = {
				ALWAYS_SEARCH_USER_PATHS = NO;
				CLANG_ANALYZER_NONNULL = YES;
				CLANG_ANALYZER_NUMBER_OBJECT_CONVERSION = YES_AGGRESSIVE;
				CLANG_CXX_LANGUAGE_STANDARD = "gnu++20";
				CLANG_ENABLE_MODULES = YES;
				CLANG_ENABLE_OBJC_ARC = YES;
				CLANG_ENABLE_OBJC_WEAK = YES;
				CLANG_WARN_BLOCK_CAPTURE_AUTORELEASING = YES;
				CLANG_WARN_BOOL_CONVERSION = YES;
				CLANG_WARN_COMMA = YES;
				CLANG_WARN_CONSTANT_CONVERSION = YES;
				CLANG_WARN_DEPRECATED_OBJC_IMPLEMENTATIONS = YES;
				CLANG_WARN_DIRECT_OBJC_ISA_USAGE = YES_ERROR;
				CLANG_WARN_DOCUMENTATION_COMMENTS = YES;
				CLANG_WARN_EMPTY_BODY = YES;
				CLANG_WARN_ENUM_CONVERSION = YES;
				CLANG_WARN_INFINITE_RECURSION = YES;
				CLANG_WARN_INT_CONVERSION = YES;
				CLANG_WARN_NON_LITERAL_NULL_CONVERSION = YES;
				CLANG_WARN_OBJC_IMPLICIT_RETAIN_SELF = YES;
				CLANG_WARN_OBJC_LITERAL_CONVERSION = YES;
				CLANG_WARN_OBJC_ROOT_CLASS = YES_ERROR;
				CLANG_WARN_QUOTED_INCLUDE_IN_FRAMEWORK_HEADER = YES;
				CLANG_WARN_RANGE_LOOP_ANALYSIS = YES;
				CLANG_WARN_STRICT_PROTOTYPES = YES;
				CLANG_WARN_SUSPICIOUS_MOVE = YES;
				CLANG_WARN_UNGUARDED_AVAILABILITY = YES_AGGRESSIVE;
				CLANG_WARN_UNREACHABLE_CODE = YES;
				CLANG_WARN__DUPLICATE_METHOD_MATCH = YES;
				COPY_PHASE_STRIP = NO;
				DEBUG_INFORMATION_FORMAT = "dwarf-with-dsym";
				ENABLE_NS_ASSERTIONS = NO;
				ENABLE_STRICT_OBJC_MSGSEND = YES;
				GCC_C_LANGUAGE_STANDARD = gnu11;
				GCC_NO_COMMON_BLOCKS = YES;
				GCC_WARN_64_TO_32_BIT_CONVERSION = YES;
				GCC_WARN_ABOUT_RETURN_TYPE = YES_ERROR;
				GCC_WARN_UNDECLARED_SELECTOR = YES;
				GCC_WARN_UNINITIALIZED_AUTOS = YES_AGGRESSIVE;
				GCC_WARN_UNUSED_FUNCTION = YES;
				GCC_WARN_UNUSED_VARIABLE = YES;
				IPHONEOS_DEPLOYMENT_TARGET = 16.2;
				MTL_ENABLE_DEBUG_INFO = NO;
				MTL_FAST_MATH = YES;
				SDKROOT = iphoneos;
				SWIFT_COMPILATION_MODE = wholemodule;
				SWIFT_OPTIMIZATION_LEVEL = "-O";
				VALIDATE_PRODUCT = YES;
			};
			name = Release;
		};
		4A237A0929A084CE003209D9 /* Debug */ = {
			isa = XCBuildConfiguration;
			baseConfigurationReference = D41AD604A50E4E9BDB83F909 /* Pods-MovieDB-RxSwift-MVVM.debug.xcconfig */;
			buildSettings = {
				ASSETCATALOG_COMPILER_APPICON_NAME = AppIcon;
				ASSETCATALOG_COMPILER_GLOBAL_ACCENT_COLOR_NAME = AccentColor;
				CODE_SIGN_STYLE = Automatic;
				CURRENT_PROJECT_VERSION = 1;
				DEVELOPMENT_TEAM = KR56UH6MNG;
				GENERATE_INFOPLIST_FILE = YES;
				INFOPLIST_FILE = "MovieDB-RxSwift-MVVM/Info.plist";
				INFOPLIST_KEY_UIApplicationSupportsIndirectInputEvents = YES;
				INFOPLIST_KEY_UILaunchStoryboardName = LaunchScreen;
				INFOPLIST_KEY_UISupportedInterfaceOrientations_iPad = "UIInterfaceOrientationPortrait UIInterfaceOrientationPortraitUpsideDown UIInterfaceOrientationLandscapeLeft UIInterfaceOrientationLandscapeRight";
				INFOPLIST_KEY_UISupportedInterfaceOrientations_iPhone = "UIInterfaceOrientationPortrait UIInterfaceOrientationLandscapeLeft UIInterfaceOrientationLandscapeRight";
				LD_RUNPATH_SEARCH_PATHS = (
					"$(inherited)",
					"@executable_path/Frameworks",
				);
				MARKETING_VERSION = 1.0;
				PRODUCT_BUNDLE_IDENTIFIER = "com.AppleDeveloperAcademy.MovieDB-RxSwift-MVVM";
				PRODUCT_NAME = "$(TARGET_NAME)";
				SWIFT_EMIT_LOC_STRINGS = YES;
				SWIFT_VERSION = 5.0;
				TARGETED_DEVICE_FAMILY = "1,2";
			};
			name = Debug;
		};
		4A237A0A29A084CE003209D9 /* Release */ = {
			isa = XCBuildConfiguration;
			baseConfigurationReference = 5624579C85C0B1D0160B64D2 /* Pods-MovieDB-RxSwift-MVVM.release.xcconfig */;
			buildSettings = {
				ASSETCATALOG_COMPILER_APPICON_NAME = AppIcon;
				ASSETCATALOG_COMPILER_GLOBAL_ACCENT_COLOR_NAME = AccentColor;
				CODE_SIGN_STYLE = Automatic;
				CURRENT_PROJECT_VERSION = 1;
				DEVELOPMENT_TEAM = KR56UH6MNG;
				GENERATE_INFOPLIST_FILE = YES;
				INFOPLIST_FILE = "MovieDB-RxSwift-MVVM/Info.plist";
				INFOPLIST_KEY_UIApplicationSupportsIndirectInputEvents = YES;
				INFOPLIST_KEY_UILaunchStoryboardName = LaunchScreen;
				INFOPLIST_KEY_UISupportedInterfaceOrientations_iPad = "UIInterfaceOrientationPortrait UIInterfaceOrientationPortraitUpsideDown UIInterfaceOrientationLandscapeLeft UIInterfaceOrientationLandscapeRight";
				INFOPLIST_KEY_UISupportedInterfaceOrientations_iPhone = "UIInterfaceOrientationPortrait UIInterfaceOrientationLandscapeLeft UIInterfaceOrientationLandscapeRight";
				LD_RUNPATH_SEARCH_PATHS = (
					"$(inherited)",
					"@executable_path/Frameworks",
				);
				MARKETING_VERSION = 1.0;
				PRODUCT_BUNDLE_IDENTIFIER = "com.AppleDeveloperAcademy.MovieDB-RxSwift-MVVM";
				PRODUCT_NAME = "$(TARGET_NAME)";
				SWIFT_EMIT_LOC_STRINGS = YES;
				SWIFT_VERSION = 5.0;
				TARGETED_DEVICE_FAMILY = "1,2";
			};
			name = Release;
		};
/* End XCBuildConfiguration section */

/* Begin XCConfigurationList section */
		4A2379EF29A084CD003209D9 /* Build configuration list for PBXProject "MovieDB-RxSwift-MVVM" */ = {
			isa = XCConfigurationList;
			buildConfigurations = (
				4A237A0629A084CE003209D9 /* Debug */,
				4A237A0729A084CE003209D9 /* Release */,
			);
			defaultConfigurationIsVisible = 0;
			defaultConfigurationName = Release;
		};
		4A237A0829A084CE003209D9 /* Build configuration list for PBXNativeTarget "MovieDB-RxSwift-MVVM" */ = {
			isa = XCConfigurationList;
			buildConfigurations = (
				4A237A0929A084CE003209D9 /* Debug */,
				4A237A0A29A084CE003209D9 /* Release */,
			);
			defaultConfigurationIsVisible = 0;
			defaultConfigurationName = Release;
		};
/* End XCConfigurationList section */
	};
	rootObject = 4A2379EC29A084CD003209D9 /* Project object */;
}
